
Microsoft Visual Studio Solution File, Format Version 12.00
# Visual Studio Version 17
VisualStudioVersion = 17.0.31903.59
MinimumVisualStudioVersion = 10.0.40219.1
Project("{FAE04EC0-301F-11D3-BF4B-00C04F79EFBC}") = "API", "API\API.csproj", "{CA6FA0DA-9B3D-4ACB-81D1-53590436A4E5}"
EndProject
Project("{FAE04EC0-301F-11D3-BF4B-00C04F79EFBC}") = "Application", "Application\Application.csproj", "{D0ADE521-E24C-46F7-B9AE-69274CCF3772}"
EndProject
Project("{FAE04EC0-301F-11D3-BF4B-00C04F79EFBC}") = "Domain", "Domain\Domain.csproj", "{71E1A0F3-59D2-44F1-B5E0-9249A67B0A61}"
EndProject
Project("{FAE04EC0-301F-11D3-BF4B-00C04F79EFBC}") = "Persistence", "Persistence\Persistence.csproj", "{B571B6AC-AFEC-406B-8BA8-29C4A30092FF}"
EndProject
Project("{FAE04EC0-301F-11D3-BF4B-00C04F79EFBC}") = "Infrastructure", "Infrastructure\Infrastructure.csproj", "{814BF9AD-A7E3-4CD8-B768-3F4B1004980A}"
EndProject
Global
	GlobalSection(SolutionConfigurationPlatforms) = preSolution
		Debug|Any CPU = Debug|Any CPU
		Release|Any CPU = Release|Any CPU
	EndGlobalSection
	GlobalSection(SolutionProperties) = preSolution
		HideSolutionNode = FALSE
	EndGlobalSection
	GlobalSection(ProjectConfigurationPlatforms) = postSolution
		{CA6FA0DA-9B3D-4ACB-81D1-53590436A4E5}.Debug|Any CPU.ActiveCfg = Debug|Any CPU
		{CA6FA0DA-9B3D-4ACB-81D1-53590436A4E5}.Debug|Any CPU.Build.0 = Debug|Any CPU
		{CA6FA0DA-9B3D-4ACB-81D1-53590436A4E5}.Release|Any CPU.ActiveCfg = Release|Any CPU
		{CA6FA0DA-9B3D-4ACB-81D1-53590436A4E5}.Release|Any CPU.Build.0 = Release|Any CPU
		{D0ADE521-E24C-46F7-B9AE-69274CCF3772}.Debug|Any CPU.ActiveCfg = Debug|Any CPU
		{D0ADE521-E24C-46F7-B9AE-69274CCF3772}.Debug|Any CPU.Build.0 = Debug|Any CPU
		{D0ADE521-E24C-46F7-B9AE-69274CCF3772}.Release|Any CPU.ActiveCfg = Release|Any CPU
		{D0ADE521-E24C-46F7-B9AE-69274CCF3772}.Release|Any CPU.Build.0 = Release|Any CPU
		{71E1A0F3-59D2-44F1-B5E0-9249A67B0A61}.Debug|Any CPU.ActiveCfg = Debug|Any CPU
		{71E1A0F3-59D2-44F1-B5E0-9249A67B0A61}.Debug|Any CPU.Build.0 = Debug|Any CPU
		{71E1A0F3-59D2-44F1-B5E0-9249A67B0A61}.Release|Any CPU.ActiveCfg = Release|Any CPU
		{71E1A0F3-59D2-44F1-B5E0-9249A67B0A61}.Release|Any CPU.Build.0 = Release|Any CPU
		{B571B6AC-AFEC-406B-8BA8-29C4A30092FF}.Debug|Any CPU.ActiveCfg = Debug|Any CPU
		{B571B6AC-AFEC-406B-8BA8-29C4A30092FF}.Debug|Any CPU.Build.0 = Debug|Any CPU
		{B571B6AC-AFEC-406B-8BA8-29C4A30092FF}.Release|Any CPU.ActiveCfg = Release|Any CPU
		{B571B6AC-AFEC-406B-8BA8-29C4A30092FF}.Release|Any CPU.Build.0 = Release|Any CPU
		{814BF9AD-A7E3-4CD8-B768-3F4B1004980A}.Debug|Any CPU.ActiveCfg = Debug|Any CPU
		{814BF9AD-A7E3-4CD8-B768-3F4B1004980A}.Debug|Any CPU.Build.0 = Debug|Any CPU
		{814BF9AD-A7E3-4CD8-B768-3F4B1004980A}.Release|Any CPU.ActiveCfg = Release|Any CPU
		{814BF9AD-A7E3-4CD8-B768-3F4B1004980A}.Release|Any CPU.Build.0 = Release|Any CPU
	EndGlobalSection
EndGlobal
